// !$*UTF8*$!
{
	archiveVersion = 1;
	classes = {
	};
	objectVersion = 46;
	objects = {

/* Begin PBXBuildFile section */
		03807D521A732C7000209860 /* main.m in Sources */ = {isa = PBXBuildFile; fileRef = 03807D511A732C7000209860 /* main.m */; };
		03807D551A732C7000209860 /* AppDelegate.m in Sources */ = {isa = PBXBuildFile; fileRef = 03807D541A732C7000209860 /* AppDelegate.m */; };
		03807D581A732C7000209860 /* ViewController.m in Sources */ = {isa = PBXBuildFile; fileRef = 03807D571A732C7000209860 /* ViewController.m */; };
		03807D5B1A732C7000209860 /* Main.storyboard in Resources */ = {isa = PBXBuildFile; fileRef = 03807D591A732C7000209860 /* Main.storyboard */; };
		03807D5D1A732C7000209860 /* Images.xcassets in Resources */ = {isa = PBXBuildFile; fileRef = 03807D5C1A732C7000209860 /* Images.xcassets */; };
		03807D601A732C7000209860 /* LaunchScreen.xib in Resources */ = {isa = PBXBuildFile; fileRef = 03807D5E1A732C7000209860 /* LaunchScreen.xib */; };
		03807D6C1A732C7000209860 /* lab0_2Tests.m in Sources */ = {isa = PBXBuildFile; fileRef = 03807D6B1A732C7000209860 /* lab0_2Tests.m */; };
		03807D791A732E5500209860 /* 4225064573_6ee04b2c9a.jpg in Resources */ = {isa = PBXBuildFile; fileRef = 03807D751A732E5500209860 /* 4225064573_6ee04b2c9a.jpg */; };
		03807D7A1A732E5500209860 /* 475px110923_dhk_green_hall_713-wustl.jpg in Resources */ = {isa = PBXBuildFile; fileRef = 03807D761A732E5500209860 /* 475px110923_dhk_green_hall_713-wustl.jpg */; };
		03807D7B1A732E5500209860 /* tour-BrauerHall.jpg in Resources */ = {isa = PBXBuildFile; fileRef = 03807D771A732E5500209860 /* tour-BrauerHall.jpg */; };
		03807D7C1A732E5500209860 /* wustl_flash_72.JPG in Resources */ = {isa = PBXBuildFile; fileRef = 03807D781A732E5500209860 /* wustl_flash_72.JPG */; };
/* End PBXBuildFile section */

/* Begin PBXContainerItemProxy section */
		03807D661A732C7000209860 /* PBXContainerItemProxy */ = {
			isa = PBXContainerItemProxy;
			containerPortal = 03807D441A732C7000209860 /* Project object */;
			proxyType = 1;
			remoteGlobalIDString = 03807D4B1A732C7000209860;
			remoteInfo = lab0_2;
		};
/* End PBXContainerItemProxy section */

/* Begin PBXFileReference section */
		03807D4C1A732C7000209860 /* lab0_2.app */ = {isa = PBXFileReference; explicitFileType = wrapper.application; includeInIndex = 0; path = lab0_2.app; sourceTree = BUILT_PRODUCTS_DIR; };
		03807D501A732C7000209860 /* Info.plist */ = {isa = PBXFileReference; lastKnownFileType = text.plist.xml; path = Info.plist; sourceTree = "<group>"; };
		03807D511A732C7000209860 /* main.m */ = {isa = PBXFileReference; lastKnownFileType = sourcecode.c.objc; path = main.m; sourceTree = "<group>"; };
		03807D531A732C7000209860 /* AppDelegate.h */ = {isa = PBXFileReference; lastKnownFileType = sourcecode.c.h; path = AppDelegate.h; sourceTree = "<group>"; };
		03807D541A732C7000209860 /* AppDelegate.m */ = {isa = PBXFileReference; lastKnownFileType = sourcecode.c.objc; path = AppDelegate.m; sourceTree = "<group>"; };
		03807D561A732C7000209860 /* ViewController.h */ = {isa = PBXFileReference; lastKnownFileType = sourcecode.c.h; path = ViewController.h; sourceTree = "<group>"; };
		03807D571A732C7000209860 /* ViewController.m */ = {isa = PBXFileReference; lastKnownFileType = sourcecode.c.objc; path = ViewController.m; sourceTree = "<group>"; };
		03807D5A1A732C7000209860 /* Base */ = {isa = PBXFileReference; lastKnownFileType = file.storyboard; name = Base; path = Base.lproj/Main.storyboard; sourceTree = "<group>"; };
		03807D5C1A732C7000209860 /* Images.xcassets */ = {isa = PBXFileReference; lastKnownFileType = folder.assetcatalog; path = Images.xcassets; sourceTree = "<group>"; };
		03807D5F1A732C7000209860 /* Base */ = {isa = PBXFileReference; lastKnownFileType = file.xib; name = Base; path = Base.lproj/LaunchScreen.xib; sourceTree = "<group>"; };
		03807D651A732C7000209860 /* lab0_2Tests.xctest */ = {isa = PBXFileReference; explicitFileType = wrapper.cfbundle; includeInIndex = 0; path = lab0_2Tests.xctest; sourceTree = BUILT_PRODUCTS_DIR; };
		03807D6A1A732C7000209860 /* Info.plist */ = {isa = PBXFileReference; lastKnownFileType = text.plist.xml; path = Info.plist; sourceTree = "<group>"; };
		03807D6B1A732C7000209860 /* lab0_2Tests.m */ = {isa = PBXFileReference; lastKnownFileType = sourcecode.c.objc; path = lab0_2Tests.m; sourceTree = "<group>"; };
		03807D751A732E5500209860 /* 4225064573_6ee04b2c9a.jpg */ = {isa = PBXFileReference; lastKnownFileType = image.jpeg; name = 4225064573_6ee04b2c9a.jpg; path = ../../../../../../Desktop/4225064573_6ee04b2c9a.jpg; sourceTree = "<group>"; };
		03807D761A732E5500209860 /* 475px110923_dhk_green_hall_713-wustl.jpg */ = {isa = PBXFileReference; lastKnownFileType = image.jpeg; name = "475px110923_dhk_green_hall_713-wustl.jpg"; path = "../../../../../../Desktop/475px110923_dhk_green_hall_713-wustl.jpg"; sourceTree = "<group>"; };
		03807D771A732E5500209860 /* tour-BrauerHall.jpg */ = {isa = PBXFileReference; lastKnownFileType = image.jpeg; name = "tour-BrauerHall.jpg"; path = "../../../../../../Desktop/tour-BrauerHall.jpg"; sourceTree = "<group>"; };
		03807D781A732E5500209860 /* wustl_flash_72.JPG */ = {isa = PBXFileReference; lastKnownFileType = image.jpeg; name = wustl_flash_72.JPG; path = ../../../../../../Desktop/wustl_flash_72.JPG; sourceTree = "<group>"; };
/* End PBXFileReference section */

/* Begin PBXFrameworksBuildPhase section */
		03807D491A732C7000209860 /* Frameworks */ = {
			isa = PBXFrameworksBuildPhase;
			buildActionMask = 2147483647;
			files = (
			);
			runOnlyForDeploymentPostprocessing = 0;
		};
		03807D621A732C7000209860 /* Frameworks */ = {
			isa = PBXFrameworksBuildPhase;
			buildActionMask = 2147483647;
			files = (
			);
			runOnlyForDeploymentPostprocessing = 0;
		};
/* End PBXFrameworksBuildPhase section */

/* Begin PBXGroup section */
		03807D431A732C7000209860 = {
			isa = PBXGroup;
			children = (
				03807D4E1A732C7000209860 /* lab0_2 */,
				03807D681A732C7000209860 /* lab0_2Tests */,
				03807D4D1A732C7000209860 /* Products */,
			);
			sourceTree = "<group>";
		};
		03807D4D1A732C7000209860 /* Products */ = {
			isa = PBXGroup;
			children = (
				03807D4C1A732C7000209860 /* lab0_2.app */,
				03807D651A732C7000209860 /* lab0_2Tests.xctest */,
			);
			name = Products;
			sourceTree = "<group>";
		};
		03807D4E1A732C7000209860 /* lab0_2 */ = {
			isa = PBXGroup;
			children = (
				03807D751A732E5500209860 /* 4225064573_6ee04b2c9a.jpg */,
				03807D761A732E5500209860 /* 475px110923_dhk_green_hall_713-wustl.jpg */,
				03807D771A732E5500209860 /* tour-BrauerHall.jpg */,
				03807D781A732E5500209860 /* wustl_flash_72.JPG */,
				03807D531A732C7000209860 /* AppDelegate.h */,
				03807D541A732C7000209860 /* AppDelegate.m */,
				03807D561A732C7000209860 /* ViewController.h */,
				03807D571A732C7000209860 /* ViewController.m */,
				03807D591A732C7000209860 /* Main.storyboard */,
				03807D5C1A732C7000209860 /* Images.xcassets */,
				03807D5E1A732C7000209860 /* LaunchScreen.xib */,
				03807D4F1A732C7000209860 /* Supporting Files */,
			);
			path = lab0_2;
			sourceTree = "<group>";
		};
		03807D4F1A732C7000209860 /* Supporting Files */ = {
			isa = PBXGroup;
			children = (
				03807D501A732C7000209860 /* Info.plist */,
				03807D511A732C7000209860 /* main.m */,
			);
			name = "Supporting Files";
			sourceTree = "<group>";
		};
		03807D681A732C7000209860 /* lab0_2Tests */ = {
			isa = PBXGroup;
			children = (
				03807D6B1A732C7000209860 /* lab0_2Tests.m */,
				03807D691A732C7000209860 /* Supporting Files */,
			);
			path = lab0_2Tests;
			sourceTree = "<group>";
		};
		03807D691A732C7000209860 /* Supporting Files */ = {
			isa = PBXGroup;
			children = (
				03807D6A1A732C7000209860 /* Info.plist */,
			);
			name = "Supporting Files";
			sourceTree = "<group>";
		};
/* End PBXGroup section */

/* Begin PBXNativeTarget section */
		03807D4B1A732C7000209860 /* lab0_2 */ = {
			isa = PBXNativeTarget;
			buildConfigurationList = 03807D6F1A732C7000209860 /* Build configuration list for PBXNativeTarget "lab0_2" */;
			buildPhases = (
				03807D481A732C7000209860 /* Sources */,
				03807D491A732C7000209860 /* Frameworks */,
				03807D4A1A732C7000209860 /* Resources */,
			);
			buildRules = (
			);
			dependencies = (
			);
			name = lab0_2;
			productName = lab0_2;
			productReference = 03807D4C1A732C7000209860 /* lab0_2.app */;
			productType = "com.apple.product-type.application";
		};
		03807D641A732C7000209860 /* lab0_2Tests */ = {
			isa = PBXNativeTarget;
			buildConfigurationList = 03807D721A732C7000209860 /* Build configuration list for PBXNativeTarget "lab0_2Tests" */;
			buildPhases = (
				03807D611A732C7000209860 /* Sources */,
				03807D621A732C7000209860 /* Frameworks */,
				03807D631A732C7000209860 /* Resources */,
			);
			buildRules = (
			);
			dependencies = (
				03807D671A732C7000209860 /* PBXTargetDependency */,
			);
			name = lab0_2Tests;
			productName = lab0_2Tests;
			productReference = 03807D651A732C7000209860 /* lab0_2Tests.xctest */;
			productType = "com.apple.product-type.bundle.unit-test";
		};
/* End PBXNativeTarget section */

/* Begin PBXProject section */
		03807D441A732C7000209860 /* Project object */ = {
			isa = PBXProject;
			attributes = {
				LastUpgradeCheck = 0610;
				ORGANIZATIONNAME = "Peiyun Zeng";
				TargetAttributes = {
					03807D4B1A732C7000209860 = {
						CreatedOnToolsVersion = 6.1.1;
					};
					03807D641A732C7000209860 = {
						CreatedOnToolsVersion = 6.1.1;
						TestTargetID = 03807D4B1A732C7000209860;
					};
				};
			};
			buildConfigurationList = 03807D471A732C7000209860 /* Build configuration list for PBXProject "lab0_2" */;
			compatibilityVersion = "Xcode 3.2";
			developmentRegion = English;
			hasScannedForEncodings = 0;
			knownRegions = (
				en,
				Base,
			);
			mainGroup = 03807D431A732C7000209860;
			productRefGroup = 03807D4D1A732C7000209860 /* Products */;
			projectDirPath = "";
			projectRoot = "";
			targets = (
				03807D4B1A732C7000209860 /* lab0_2 */,
				03807D641A732C7000209860 /* lab0_2Tests */,
			);
		};
/* End PBXProject section */

/* Begin PBXResourcesBuildPhase section */
		03807D4A1A732C7000209860 /* Resources */ = {
			isa = PBXResourcesBuildPhase;
			buildActionMask = 2147483647;
			files = (
				03807D5B1A732C7000209860 /* Main.storyboard in Resources */,
				03807D7B1A732E5500209860 /* tour-BrauerHall.jpg in Resources */,
				03807D7A1A732E5500209860 /* 475px110923_dhk_green_hall_713-wustl.jpg in Resources */,
				03807D601A732C7000209860 /* LaunchScreen.xib in Resources */,
				03807D791A732E5500209860 /* 4225064573_6ee04b2c9a.jpg in Resources */,
				03807D5D1A732C7000209860 /* Images.xcassets in Resources */,
				03807D7C1A732E5500209860 /* wustl_flash_72.JPG in Resources */,
			);
			runOnlyForDeploymentPostprocessing = 0;
		};
		03807D631A732C7000209860 /* Resources */ = {
			isa = PBXResourcesBuildPhase;
			buildActionMask = 2147483647;
			files = (
			);
			runOnlyForDeploymentPostprocessing = 0;
		};
/* End PBXResourcesBuildPhase section */

/* Begin PBXSourcesBuildPhase section */
		03807D481A732C7000209860 /* Sources */ = {
			isa = PBXSourcesBuildPhase;
			buildActionMask = 2147483647;
			files = (
				03807D581A732C7000209860 /* ViewController.m in Sources */,
				03807D551A732C7000209860 /* AppDelegate.m in Sources */,
				03807D521A732C7000209860 /* main.m in Sources */,
			);
			runOnlyForDeploymentPostprocessing = 0;
		};
		03807D611A732C7000209860 /* Sources */ = {
			isa = PBXSourcesBuildPhase;
			buildActionMask = 2147483647;
			files = (
				03807D6C1A732C7000209860 /* lab0_2Tests.m in Sources */,
			);
			runOnlyForDeploymentPostprocessing = 0;
		};
/* End PBXSourcesBuildPhase section */

/* Begin PBXTargetDependency section */
		03807D671A732C7000209860 /* PBXTargetDependency */ = {
			isa = PBXTargetDependency;
			target = 03807D4B1A732C7000209860 /* lab0_2 */;
			targetProxy = 03807D661A732C7000209860 /* PBXContainerItemProxy */;
		};
/* End PBXTargetDependency section */

/* Begin PBXVariantGroup section */
		03807D591A732C7000209860 /* Main.storyboard */ = {
			isa = PBXVariantGroup;
			children = (
				03807D5A1A732C7000209860 /* Base */,
			);
			name = Main.storyboard;
			sourceTree = "<group>";
		};
		03807D5E1A732C7000209860 /* LaunchScreen.xib */ = {
			isa = PBXVariantGroup;
			children = (
				03807D5F1A732C7000209860 /* Base */,
			);
			name = LaunchScreen.xib;
			sourceTree = "<group>";
		};
/* End PBXVariantGroup section */

/* Begin XCBuildConfiguration section */
		03807D6D1A732C7000209860 /* Debug */ = {
			isa = XCBuildConfiguration;
			buildSettings = {
				ALWAYS_SEARCH_USER_PATHS = NO;
				CLANG_CXX_LANGUAGE_STANDARD = "gnu++0x";
				CLANG_CXX_LIBRARY = "libc++";
				CLANG_ENABLE_MODULES = YES;
				CLANG_ENABLE_OBJC_ARC = YES;
				CLANG_WARN_BOOL_CONVERSION = YES;
				CLANG_WARN_CONSTANT_CONVERSION = YES;
				CLANG_WARN_DIRECT_OBJC_ISA_USAGE = YES_ERROR;
				CLANG_WARN_EMPTY_BODY = YES;
				CLANG_WARN_ENUM_CONVERSION = YES;
				CLANG_WARN_INT_CONVERSION = YES;
				CLANG_WARN_OBJC_ROOT_CLASS = YES_ERROR;
				CLANG_WARN_UNREACHABLE_CODE = YES;
				CLANG_WARN__DUPLICATE_METHOD_MATCH = YES;
				"CODE_SIGN_IDENTITY[sdk=iphoneos*]" = "iPhone Developer";
				COPY_PHASE_STRIP = NO;
				ENABLE_STRICT_OBJC_MSGSEND = YES;
				GCC_C_LANGUAGE_STANDARD = gnu99;
				GCC_DYNAMIC_NO_PIC = NO;
				GCC_OPTIMIZATION_LEVEL = 0;
				GCC_PREPROCESSOR_DEFINITIONS = (
					"DEBUG=1",
					"$(inherited)",
				);
				GCC_SYMBOLS_PRIVATE_EXTERN = NO;
				GCC_WARN_64_TO_32_BIT_CONVERSION = YES;
				GCC_WARN_ABOUT_RETURN_TYPE = YES_ERROR;
				GCC_WARN_UNDECLARED_SELECTOR = YES;
				GCC_WARN_UNINITIALIZED_AUTOS = YES_AGGRESSIVE;
				GCC_WARN_UNUSED_FUNCTION = YES;
				GCC_WARN_UNUSED_VARIABLE = YES;
				IPHONEOS_DEPLOYMENT_TARGET = 8.1;
				MTL_ENABLE_DEBUG_INFO = YES;
				ONLY_ACTIVE_ARCH = YES;
				SDKROOT = iphoneos;
			};
			name = Debug;
		};
		03807D6E1A732C7000209860 /* Release */ = {
			isa = XCBuildConfiguration;
			buildSettings = {
				ALWAYS_SEARCH_USER_PATHS = NO;
				CLANG_CXX_LANGUAGE_STANDARD = "gnu++0x";
				CLANG_CXX_LIBRARY = "libc++";
				CLANG_ENABLE_MODULES = YES;
				CLANG_ENABLE_OBJC_ARC = YES;
				CLANG_WARN_BOOL_CONVERSION = YES;
				CLANG_WARN_CONSTANT_CONVERSION = YES;
				CLANG_WARN_DIRECT_OBJC_ISA_USAGE = YES_ERROR;
				CLANG_WARN_EMPTY_BODY = YES;
				CLANG_WARN_ENUM_CONVERSION = YES;
				CLANG_WARN_INT_CONVERSION = YES;
				CLANG_WARN_OBJC_ROOT_CLASS = YES_ERROR;
				CLANG_WARN_UNREACHABLE_CODE = YES;
				CLANG_WARN__DUPLICATE_METHOD_MATCH = YES;
				"CODE_SIGN_IDENTITY[sdk=iphoneos*]" = "iPhone Developer";
				COPY_PHASE_STRIP = YES;
				ENABLE_NS_ASSERTIONS = NO;
				ENABLE_STRICT_OBJC_MSGSEND = YES;
				GCC_C_LANGUAGE_STANDARD = gnu99;
				GCC_WARN_64_TO_32_BIT_CONVERSION = YES;
				GCC_WARN_ABOUT_RETURN_TYPE = YES_ERROR;
				GCC_WARN_UNDECLARED_SELECTOR = YES;
				GCC_WARN_UNINITIALIZED_AUTOS = YES_AGGRESSIVE;
				GCC_WARN_UNUSED_FUNCTION = YES;
				GCC_WARN_UNUSED_VARIABLE = YES;
				IPHONEOS_DEPLOYMENT_TARGET = 8.1;
				MTL_ENABLE_DEBUG_INFO = NO;
				SDKROOT = iphoneos;
				VALIDATE_PRODUCT = YES;
			};
			name = Release;
		};
		03807D701A732C7000209860 /* Debug */ = {
			isa = XCBuildConfiguration;
			buildSettings = {
				ASSETCATALOG_COMPILER_APPICON_NAME = AppIcon;
				INFOPLIST_FILE = lab0_2/Info.plist;
				LD_RUNPATH_SEARCH_PATHS = "$(inherited) @executable_path/Frameworks";
				PRODUCT_NAME = "$(TARGET_NAME)";
			};
			name = Debug;
		};
		03807D711A732C7000209860 /* Release */ = {
			isa = XCBuildConfiguration;
			buildSettings = {
				ASSETCATALOG_COMPILER_APPICON_NAME = AppIcon;
				INFOPLIST_FILE = lab0_2/Info.plist;
				LD_RUNPATH_SEARCH_PATHS = "$(inherited) @executable_path/Frameworks";
				PRODUCT_NAME = "$(TARGET_NAME)";
			};
			name = Release;
		};
		03807D731A732C7000209860 /* Debug */ = {
			isa = XCBuildConfiguration;
			buildSettings = {
				BUNDLE_LOADER = "$(TEST_HOST)";
				FRAMEWORK_SEARCH_PATHS = (
					"$(SDKROOT)/Developer/Library/Frameworks",
					"$(inherited)",
				);
				GCC_PREPROCESSOR_DEFINITIONS = (
					"DEBUG=1",
					"$(inherited)",
				);
				INFOPLIST_FILE = lab0_2Tests/Info.plist;
				LD_RUNPATH_SEARCH_PATHS = "$(inherited) @executable_path/Frameworks @loader_path/Frameworks";
				PRODUCT_NAME = "$(TARGET_NAME)";
				TEST_HOST = "$(BUILT_PRODUCTS_DIR)/lab0_2.app/lab0_2";
			};
			name = Debug;
		};
		03807D741A732C7000209860 /* Release */ = {
			isa = XCBuildConfiguration;
			buildSettings = {
				BUNDLE_LOADER = "$(TEST_HOST)";
				FRAMEWORK_SEARCH_PATHS = (
					"$(SDKROOT)/Developer/Library/Frameworks",
					"$(inherited)",
				);
				INFOPLIST_FILE = lab0_2Tests/Info.plist;
				LD_RUNPATH_SEARCH_PATHS = "$(inherited) @executable_path/Frameworks @loader_path/Frameworks";
				PRODUCT_NAME = "$(TARGET_NAME)";
				TEST_HOST = "$(BUILT_PRODUCTS_DIR)/lab0_2.app/lab0_2";
			};
			name = Release;
		};
/* End XCBuildConfiguration section */

/* Begin XCConfigurationList section */
		03807D471A732C7000209860 /* Build configuration list for PBXProject "lab0_2" */ = {
			isa = XCConfigurationList;
			buildConfigurations = (
				03807D6D1A732C7000209860 /* Debug */,
				03807D6E1A732C7000209860 /* Release */,
			);
			defaultConfigurationIsVisible = 0;
			defaultConfigurationName = Release;
		};
		03807D6F1A732C7000209860 /* Build configuration list for PBXNativeTarget "lab0_2" */ = {
			isa = XCConfigurationList;
			buildConfigurations = (
				03807D701A732C7000209860 /* Debug */,
				03807D711A732C7000209860 /* Release */,
			);
			defaultConfigurationIsVisible = 0;
		};
		03807D721A732C7000209860 /* Build configuration list for PBXNativeTarget "lab0_2Tests" */ = {
			isa = XCConfigurationList;
			buildConfigurations = (
				03807D731A732C7000209860 /* Debug */,
				03807D741A732C7000209860 /* Release */,
			);
			defaultConfigurationIsVisible = 0;
		};
/* End XCConfigurationList section */
	};
	rootObject = 03807D441A732C7000209860 /* Project object */;
}
